
Microsoft Visual Studio Solution File, Format Version 12.00
Project("{FAE04EC0-301F-11D3-BF4B-00C04F79EFBC}") = "TableRenderBugRepro", "TableRenderBugRepro\TableRenderBugRepro.csproj", "{1BAAEFD1-DCE8-44D4-A9E2-70E69397FADF}"
EndProject
Global
	GlobalSection(SolutionConfigurationPlatforms) = preSolution
		Debug|Any CPU = Debug|Any CPU
		Release|Any CPU = Release|Any CPU
	EndGlobalSection
	GlobalSection(ProjectConfigurationPlatforms) = postSolution
		{1BAAEFD1-DCE8-44D4-A9E2-70E69397FADF}.Debug|Any CPU.ActiveCfg = Debug|Any CPU
		{1BAAEFD1-DCE8-44D4-A9E2-70E69397FADF}.Debug|Any CPU.Build.0 = Debug|Any CPU
		{1BAAEFD1-DCE8-44D4-A9E2-70E69397FADF}.Release|Any CPU.ActiveCfg = Release|Any CPU
		{1BAAEFD1-DCE8-44D4-A9E2-70E69397FADF}.Release|Any CPU.Build.0 = Release|Any CPU
	EndGlobalSection
EndGlobal
